{
  "name": "js-shapefile-to-geojson",
  "version": "0.1.0",
  "lockfileVersion": 1,
  "requires": true,
  "dependencies": {
    "@inlog/inlog-maps": {
      "version": "1.0.0",
      "resolved": "https://registry.npmjs.org/@inlog/inlog-maps/-/inlog-maps-1.0.0.tgz",
      "integrity": "sha512-xVaLvQ+WH56I+aahV/AWjM0wx2/RcSwtCIxGfpSc9uN6zIAP8kpzwk8n3U4wOUnpq++PC9BFL2nASWE+l/9ceQ==",
      "requires": {
        "leaflet": "1.3.1",
        "leaflet-editable": "1.1.0",
        "leaflet.path.drag": "0.0.6"
      }
    },
    "leaflet": {
      "version": "1.3.1",
      "resolved": "https://registry.npmjs.org/leaflet/-/leaflet-1.3.1.tgz",
      "integrity": "sha512-adQOIzh+bfdridLM1xIgJ9VnJbAUY3wqs/ueF+ITla+PLQ1z47USdBKUf+iD9FuUA8RtlT6j6hZBfZoA6mW+XQ=="
    },
    "leaflet-editable": {
      "version": "1.1.0",
      "resolved": "https://registry.npmjs.org/leaflet-editable/-/leaflet-editable-1.1.0.tgz",
      "integrity": "sha1-93dZekCoGic/KHtIn9D+XM1gyNA="
    },
    "leaflet.path.drag": {
      "version": "0.0.6",
      "resolved": "https://registry.npmjs.org/leaflet.path.drag/-/leaflet.path.drag-0.0.6.tgz",
      "integrity": "sha1-bZw68LnXsDJUSuFr/eaI8BYFFKA="
    }
  }
}
